
Microsoft Visual Studio Solution File, Format Version 12.00
# Visual Studio Version 16
VisualStudioVersion = 16.0.29411.108
MinimumVisualStudioVersion = 10.0.40219.1
Project("{FAE04EC0-301F-11D3-BF4B-00C04F79EFBC}") = "WindowsFormsAppHelloWorld", "WindowsFormsAppHelloWorld\WindowsFormsAppHelloWorld.csproj", "{D0B1C28E-D998-43CE-8923-E3F44A09DA3C}"
EndProject
Global
	GlobalSection(SolutionConfigurationPlatforms) = preSolution
		Debug|Any CPU = Debug|Any CPU
		Release|Any CPU = Release|Any CPU
	EndGlobalSection
	GlobalSection(ProjectConfigurationPlatforms) = postSolution
		{D0B1C28E-D998-43CE-8923-E3F44A09DA3C}.Debug|Any CPU.ActiveCfg = Debug|Any CPU
		{D0B1C28E-D998-43CE-8923-E3F44A09DA3C}.Debug|Any CPU.Build.0 = Debug|Any CPU
		{D0B1C28E-D998-43CE-8923-E3F44A09DA3C}.Release|Any CPU.ActiveCfg = Release|Any CPU
		{D0B1C28E-D998-43CE-8923-E3F44A09DA3C}.Release|Any CPU.Build.0 = Release|Any CPU
	EndGlobalSection
	GlobalSection(SolutionProperties) = preSolution
		HideSolutionNode = FALSE
	EndGlobalSection
	GlobalSection(ExtensibilityGlobals) = postSolution
		SolutionGuid = {F67469F7-8B14-45BD-90B9-AF68355E6039}
	EndGlobalSection
EndGlobal
